# Pin for Decision I. Do not silently float.
#
# Preferred install (when the wheel is published):
#   python3 -m pip install pycircuit-hisi==0.1.0
#
# PyPI had no pycircuit-hisi distribution on 2026-09-22. Fallback:
#   git clone https://github.com/lukebest/pyCircuit
#   git -C pyCircuit checkout 43cc5918e3d09ecc0c814cabef6c1384cb9980ae
#   python3 -m pip install -e pyCircuit
#
# Frontend import path remains `pycircuit`. Compiler command is `pycc`.
# Editable install is frontend-only. `pycc` needs LLVM 19 + `bash flows/scripts/pyc build`.

PYCIRCUIT_REPO=https://github.com/lukebest/pyCircuit
PYCIRCUIT_COMMIT=43cc5918e3d09ecc0c814cabef6c1384cb9980ae
PYCIRCUIT_PACKAGE=pycircuit-hisi
PYCIRCUIT_PACKAGE_VERSION=0.1.0
PYCIRCUIT_RELEASE=pyc4.0
